// !$*UTF8*$!
{
	archiveVersion = 1;
	classes = {
	};
	objectVersion = 46;
	objects = {

/* Begin PBXBuildFile section */
		B63A356C1C20555C00B88302 /* main.m in Sources */ = {isa = PBXBuildFile; fileRef = B63A356B1C20555C00B88302 /* main.m */; };
		B63A356F1C20555C00B88302 /* AppDelegate.m in Sources */ = {isa = PBXBuildFile; fileRef = B63A356E1C20555C00B88302 /* AppDelegate.m */; };
		B63A35721C20555C00B88302 /* ViewController.m in Sources */ = {isa = PBXBuildFile; fileRef = B63A35711C20555C00B88302 /* ViewController.m */; };
		B63A35751C20555C00B88302 /* Main.storyboard in Resources */ = {isa = PBXBuildFile; fileRef = B63A35731C20555C00B88302 /* Main.storyboard */; };
		B63A35771C20555C00B88302 /* Assets.xcassets in Resources */ = {isa = PBXBuildFile; fileRef = B63A35761C20555C00B88302 /* Assets.xcassets */; };
		B63A357A1C20555C00B88302 /* LaunchScreen.storyboard in Resources */ = {isa = PBXBuildFile; fileRef = B63A35781C20555C00B88302 /* LaunchScreen.storyboard */; };
		B63A35911C20559600B88302 /* FiveViewController.m in Sources */ = {isa = PBXBuildFile; fileRef = B63A35831C20559600B88302 /* FiveViewController.m */; };
		B63A35921C20559600B88302 /* FourViewController.m in Sources */ = {isa = PBXBuildFile; fileRef = B63A35851C20559600B88302 /* FourViewController.m */; };
		B63A35931C20559600B88302 /* OneViewController.m in Sources */ = {isa = PBXBuildFile; fileRef = B63A35871C20559600B88302 /* OneViewController.m */; };
		B63A35941C20559600B88302 /* SixViewController.m in Sources */ = {isa = PBXBuildFile; fileRef = B63A35891C20559600B88302 /* SixViewController.m */; };
		B63A35951C20559600B88302 /* ThreeViewController.m in Sources */ = {isa = PBXBuildFile; fileRef = B63A358B1C20559600B88302 /* ThreeViewController.m */; };
		B63A35961C20559600B88302 /* TwoViewController.m in Sources */ = {isa = PBXBuildFile; fileRef = B63A358D1C20559600B88302 /* TwoViewController.m */; };
		B63A35971C20559600B88302 /* YC_ScrollNav.m in Sources */ = {isa = PBXBuildFile; fileRef = B63A35901C20559600B88302 /* YC_ScrollNav.m */; };
		B63A359A1C2055B500B88302 /* TestViewController.m in Sources */ = {isa = PBXBuildFile; fileRef = B63A35991C2055B500B88302 /* TestViewController.m */; };
/* End PBXBuildFile section */

/* Begin PBXFileReference section */
		B63A35671C20555C00B88302 /* YC_ScrollNav.app */ = {isa = PBXFileReference; explicitFileType = wrapper.application; includeInIndex = 0; path = YC_ScrollNav.app; sourceTree = BUILT_PRODUCTS_DIR; };
		B63A356B1C20555C00B88302 /* main.m */ = {isa = PBXFileReference; lastKnownFileType = sourcecode.c.objc; path = main.m; sourceTree = "<group>"; };
		B63A356D1C20555C00B88302 /* AppDelegate.h */ = {isa = PBXFileReference; lastKnownFileType = sourcecode.c.h; path = AppDelegate.h; sourceTree = "<group>"; };
		B63A356E1C20555C00B88302 /* AppDelegate.m */ = {isa = PBXFileReference; lastKnownFileType = sourcecode.c.objc; path = AppDelegate.m; sourceTree = "<group>"; };
		B63A35701C20555C00B88302 /* ViewController.h */ = {isa = PBXFileReference; lastKnownFileType = sourcecode.c.h; path = ViewController.h; sourceTree = "<group>"; };
		B63A35711C20555C00B88302 /* ViewController.m */ = {isa = PBXFileReference; lastKnownFileType = sourcecode.c.objc; path = ViewController.m; sourceTree = "<group>"; };
		B63A35741C20555C00B88302 /* Base */ = {isa = PBXFileReference; lastKnownFileType = file.storyboard; name = Base; path = Base.lproj/Main.storyboard; sourceTree = "<group>"; };
		B63A35761C20555C00B88302 /* Assets.xcassets */ = {isa = PBXFileReference; lastKnownFileType = folder.assetcatalog; path = Assets.xcassets; sourceTree = "<group>"; };
		B63A35791C20555C00B88302 /* Base */ = {isa = PBXFileReference; lastKnownFileType = file.storyboard; name = Base; path = Base.lproj/LaunchScreen.storyboard; sourceTree = "<group>"; };
		B63A357B1C20555C00B88302 /* Info.plist */ = {isa = PBXFileReference; lastKnownFileType = text.plist.xml; path = Info.plist; sourceTree = "<group>"; };
		B63A35821C20559600B88302 /* FiveViewController.h */ = {isa = PBXFileReference; fileEncoding = 4; lastKnownFileType = sourcecode.c.h; path = FiveViewController.h; sourceTree = "<group>"; };
		B63A35831C20559600B88302 /* FiveViewController.m */ = {isa = PBXFileReference; fileEncoding = 4; lastKnownFileType = sourcecode.c.objc; path = FiveViewController.m; sourceTree = "<group>"; };
		B63A35841C20559600B88302 /* FourViewController.h */ = {isa = PBXFileReference; fileEncoding = 4; lastKnownFileType = sourcecode.c.h; path = FourViewController.h; sourceTree = "<group>"; };
		B63A35851C20559600B88302 /* FourViewController.m */ = {isa = PBXFileReference; fileEncoding = 4; lastKnownFileType = sourcecode.c.objc; path = FourViewController.m; sourceTree = "<group>"; };
		B63A35861C20559600B88302 /* OneViewController.h */ = {isa = PBXFileReference; fileEncoding = 4; lastKnownFileType = sourcecode.c.h; path = OneViewController.h; sourceTree = "<group>"; };
		B63A35871C20559600B88302 /* OneViewController.m */ = {isa = PBXFileReference; fileEncoding = 4; lastKnownFileType = sourcecode.c.objc; path = OneViewController.m; sourceTree = "<group>"; };
		B63A35881C20559600B88302 /* SixViewController.h */ = {isa = PBXFileReference; fileEncoding = 4; lastKnownFileType = sourcecode.c.h; path = SixViewController.h; sourceTree = "<group>"; };
		B63A35891C20559600B88302 /* SixViewController.m */ = {isa = PBXFileReference; fileEncoding = 4; lastKnownFileType = sourcecode.c.objc; path = SixViewController.m; sourceTree = "<group>"; };
		B63A358A1C20559600B88302 /* ThreeViewController.h */ = {isa = PBXFileReference; fileEncoding = 4; lastKnownFileType = sourcecode.c.h; path = ThreeViewController.h; sourceTree = "<group>"; };
		B63A358B1C20559600B88302 /* ThreeViewController.m */ = {isa = PBXFileReference; fileEncoding = 4; lastKnownFileType = sourcecode.c.objc; path = ThreeViewController.m; sourceTree = "<group>"; };
		B63A358C1C20559600B88302 /* TwoViewController.h */ = {isa = PBXFileReference; fileEncoding = 4; lastKnownFileType = sourcecode.c.h; path = TwoViewController.h; sourceTree = "<group>"; };
		B63A358D1C20559600B88302 /* TwoViewController.m */ = {isa = PBXFileReference; fileEncoding = 4; lastKnownFileType = sourcecode.c.objc; path = TwoViewController.m; sourceTree = "<group>"; };
		B63A358F1C20559600B88302 /* YC_ScrollNav.h */ = {isa = PBXFileReference; fileEncoding = 4; lastKnownFileType = sourcecode.c.h; path = YC_ScrollNav.h; sourceTree = "<group>"; };
		B63A35901C20559600B88302 /* YC_ScrollNav.m */ = {isa = PBXFileReference; fileEncoding = 4; lastKnownFileType = sourcecode.c.objc; path = YC_ScrollNav.m; sourceTree = "<group>"; };
		B63A35981C2055B500B88302 /* TestViewController.h */ = {isa = PBXFileReference; fileEncoding = 4; lastKnownFileType = sourcecode.c.h; path = TestViewController.h; sourceTree = "<group>"; };
		B63A35991C2055B500B88302 /* TestViewController.m */ = {isa = PBXFileReference; fileEncoding = 4; lastKnownFileType = sourcecode.c.objc; path = TestViewController.m; sourceTree = "<group>"; };
/* End PBXFileReference section */

/* Begin PBXFrameworksBuildPhase section */
		B63A35641C20555C00B88302 /* Frameworks */ = {
			isa = PBXFrameworksBuildPhase;
			buildActionMask = 2147483647;
			files = (
			);
			runOnlyForDeploymentPostprocessing = 0;
		};
/* End PBXFrameworksBuildPhase section */

/* Begin PBXGroup section */
		B63A355E1C20555C00B88302 = {
			isa = PBXGroup;
			children = (
				B63A35691C20555C00B88302 /* YC_ScrollNav */,
				B63A35681C20555C00B88302 /* Products */,
			);
			sourceTree = "<group>";
		};
		B63A35681C20555C00B88302 /* Products */ = {
			isa = PBXGroup;
			children = (
				B63A35671C20555C00B88302 /* YC_ScrollNav.app */,
			);
			name = Products;
			sourceTree = "<group>";
		};
		B63A35691C20555C00B88302 /* YC_ScrollNav */ = {
			isa = PBXGroup;
			children = (
				B63A35811C20559600B88302 /* OtherVC */,
				B63A358E1C20559600B88302 /* YC_ScrollNav */,
				B63A356D1C20555C00B88302 /* AppDelegate.h */,
				B63A356E1C20555C00B88302 /* AppDelegate.m */,
				B63A35701C20555C00B88302 /* ViewController.h */,
				B63A35711C20555C00B88302 /* ViewController.m */,
				B63A35981C2055B500B88302 /* TestViewController.h */,
				B63A35991C2055B500B88302 /* TestViewController.m */,
				B63A35731C20555C00B88302 /* Main.storyboard */,
				B63A35761C20555C00B88302 /* Assets.xcassets */,
				B63A35781C20555C00B88302 /* LaunchScreen.storyboard */,
				B63A357B1C20555C00B88302 /* Info.plist */,
				B63A356A1C20555C00B88302 /* Supporting Files */,
			);
			path = YC_ScrollNav;
			sourceTree = "<group>";
		};
		B63A356A1C20555C00B88302 /* Supporting Files */ = {
			isa = PBXGroup;
			children = (
				B63A356B1C20555C00B88302 /* main.m */,
			);
			name = "Supporting Files";
			sourceTree = "<group>";
		};
		B63A35811C20559600B88302 /* OtherVC */ = {
			isa = PBXGroup;
			children = (
				B63A35821C20559600B88302 /* FiveViewController.h */,
				B63A35831C20559600B88302 /* FiveViewController.m */,
				B63A35841C20559600B88302 /* FourViewController.h */,
				B63A35851C20559600B88302 /* FourViewController.m */,
				B63A35861C20559600B88302 /* OneViewController.h */,
				B63A35871C20559600B88302 /* OneViewController.m */,
				B63A35881C20559600B88302 /* SixViewController.h */,
				B63A35891C20559600B88302 /* SixViewController.m */,
				B63A358A1C20559600B88302 /* ThreeViewController.h */,
				B63A358B1C20559600B88302 /* ThreeViewController.m */,
				B63A358C1C20559600B88302 /* TwoViewController.h */,
				B63A358D1C20559600B88302 /* TwoViewController.m */,
			);
			path = OtherVC;
			sourceTree = "<group>";
		};
		B63A358E1C20559600B88302 /* YC_ScrollNav */ = {
			isa = PBXGroup;
			children = (
				B63A358F1C20559600B88302 /* YC_ScrollNav.h */,
				B63A35901C20559600B88302 /* YC_ScrollNav.m */,
			);
			path = YC_ScrollNav;
			sourceTree = "<group>";
		};
/* End PBXGroup section */

/* Begin PBXNativeTarget section */
		B63A35661C20555C00B88302 /* YC_ScrollNav */ = {
			isa = PBXNativeTarget;
			buildConfigurationList = B63A357E1C20555C00B88302 /* Build configuration list for PBXNativeTarget "YC_ScrollNav" */;
			buildPhases = (
				B63A35631C20555C00B88302 /* Sources */,
				B63A35641C20555C00B88302 /* Frameworks */,
				B63A35651C20555C00B88302 /* Resources */,
			);
			buildRules = (
			);
			dependencies = (
			);
			name = YC_ScrollNav;
			productName = YC_ScrollNav;
			productReference = B63A35671C20555C00B88302 /* YC_ScrollNav.app */;
			productType = "com.apple.product-type.application";
		};
/* End PBXNativeTarget section */

/* Begin PBXProject section */
		B63A355F1C20555C00B88302 /* Project object */ = {
			isa = PBXProject;
			attributes = {
				LastUpgradeCheck = 0710;
				ORGANIZATIONNAME = Berton;
				TargetAttributes = {
					B63A35661C20555C00B88302 = {
						CreatedOnToolsVersion = 7.1;
						DevelopmentTeam = RS5789Q53L;
					};
				};
			};
			buildConfigurationList = B63A35621C20555C00B88302 /* Build configuration list for PBXProject "YC_ScrollNav" */;
			compatibilityVersion = "Xcode 3.2";
			developmentRegion = English;
			hasScannedForEncodings = 0;
			knownRegions = (
				en,
				Base,
			);
			mainGroup = B63A355E1C20555C00B88302;
			productRefGroup = B63A35681C20555C00B88302 /* Products */;
			projectDirPath = "";
			projectRoot = "";
			targets = (
				B63A35661C20555C00B88302 /* YC_ScrollNav */,
			);
		};
/* End PBXProject section */

/* Begin PBXResourcesBuildPhase section */
		B63A35651C20555C00B88302 /* Resources */ = {
			isa = PBXResourcesBuildPhase;
			buildActionMask = 2147483647;
			files = (
				B63A357A1C20555C00B88302 /* LaunchScreen.storyboard in Resources */,
				B63A35771C20555C00B88302 /* Assets.xcassets in Resources */,
				B63A35751C20555C00B88302 /* Main.storyboard in Resources */,
			);
			runOnlyForDeploymentPostprocessing = 0;
		};
/* End PBXResourcesBuildPhase section */

/* Begin PBXSourcesBuildPhase section */
		B63A35631C20555C00B88302 /* Sources */ = {
			isa = PBXSourcesBuildPhase;
			buildActionMask = 2147483647;
			files = (
				B63A35911C20559600B88302 /* FiveViewController.m in Sources */,
				B63A35721C20555C00B88302 /* ViewController.m in Sources */,
				B63A35971C20559600B88302 /* YC_ScrollNav.m in Sources */,
				B63A35941C20559600B88302 /* SixViewController.m in Sources */,
				B63A35921C20559600B88302 /* FourViewController.m in Sources */,
				B63A35931C20559600B88302 /* OneViewController.m in Sources */,
				B63A356F1C20555C00B88302 /* AppDelegate.m in Sources */,
				B63A359A1C2055B500B88302 /* TestViewController.m in Sources */,
				B63A35961C20559600B88302 /* TwoViewController.m in Sources */,
				B63A356C1C20555C00B88302 /* main.m in Sources */,
				B63A35951C20559600B88302 /* ThreeViewController.m in Sources */,
			);
			runOnlyForDeploymentPostprocessing = 0;
		};
/* End PBXSourcesBuildPhase section */

/* Begin PBXVariantGroup section */
		B63A35731C20555C00B88302 /* Main.storyboard */ = {
			isa = PBXVariantGroup;
			children = (
				B63A35741C20555C00B88302 /* Base */,
			);
			name = Main.storyboard;
			sourceTree = "<group>";
		};
		B63A35781C20555C00B88302 /* LaunchScreen.storyboard */ = {
			isa = PBXVariantGroup;
			children = (
				B63A35791C20555C00B88302 /* Base */,
			);
			name = LaunchScreen.storyboard;
			sourceTree = "<group>";
		};
/* End PBXVariantGroup section */

/* Begin XCBuildConfiguration section */
		B63A357C1C20555C00B88302 /* Debug */ = {
			isa = XCBuildConfiguration;
			buildSettings = {
				ALWAYS_SEARCH_USER_PATHS = NO;
				CLANG_CXX_LANGUAGE_STANDARD = "gnu++0x";
				CLANG_CXX_LIBRARY = "libc++";
				CLANG_ENABLE_MODULES = YES;
				CLANG_ENABLE_OBJC_ARC = YES;
				CLANG_WARN_BOOL_CONVERSION = YES;
				CLANG_WARN_CONSTANT_CONVERSION = YES;
				CLANG_WARN_DIRECT_OBJC_ISA_USAGE = YES_ERROR;
				CLANG_WARN_EMPTY_BODY = YES;
				CLANG_WARN_ENUM_CONVERSION = YES;
				CLANG_WARN_INT_CONVERSION = YES;
				CLANG_WARN_OBJC_ROOT_CLASS = YES_ERROR;
				CLANG_WARN_UNREACHABLE_CODE = YES;
				CLANG_WARN__DUPLICATE_METHOD_MATCH = YES;
				"CODE_SIGN_IDENTITY[sdk=iphoneos*]" = "iPhone Developer";
				COPY_PHASE_STRIP = NO;
				DEBUG_INFORMATION_FORMAT = dwarf;
				ENABLE_STRICT_OBJC_MSGSEND = YES;
				ENABLE_TESTABILITY = YES;
				GCC_C_LANGUAGE_STANDARD = gnu99;
				GCC_DYNAMIC_NO_PIC = NO;
				GCC_NO_COMMON_BLOCKS = YES;
				GCC_OPTIMIZATION_LEVEL = 0;
				GCC_PREPROCESSOR_DEFINITIONS = (
					"DEBUG=1",
					"$(inherited)",
				);
				GCC_WARN_64_TO_32_BIT_CONVERSION = YES;
				GCC_WARN_ABOUT_RETURN_TYPE = YES_ERROR;
				GCC_WARN_UNDECLARED_SELECTOR = YES;
				GCC_WARN_UNINITIALIZED_AUTOS = YES_AGGRESSIVE;
				GCC_WARN_UNUSED_FUNCTION = YES;
				GCC_WARN_UNUSED_VARIABLE = YES;
				IPHONEOS_DEPLOYMENT_TARGET = 9.1;
				MTL_ENABLE_DEBUG_INFO = YES;
				ONLY_ACTIVE_ARCH = YES;
				SDKROOT = iphoneos;
			};
			name = Debug;
		};
		B63A357D1C20555C00B88302 /* Release */ = {
			isa = XCBuildConfiguration;
			buildSettings = {
				ALWAYS_SEARCH_USER_PATHS = NO;
				CLANG_CXX_LANGUAGE_STANDARD = "gnu++0x";
				CLANG_CXX_LIBRARY = "libc++";
				CLANG_ENABLE_MODULES = YES;
				CLANG_ENABLE_OBJC_ARC = YES;
				CLANG_WARN_BOOL_CONVERSION = YES;
				CLANG_WARN_CONSTANT_CONVERSION = YES;
				CLANG_WARN_DIRECT_OBJC_ISA_USAGE = YES_ERROR;
				CLANG_WARN_EMPTY_BODY = YES;
				CLANG_WARN_ENUM_CONVERSION = YES;
				CLANG_WARN_INT_CONVERSION = YES;
				CLANG_WARN_OBJC_ROOT_CLASS = YES_ERROR;
				CLANG_WARN_UNREACHABLE_CODE = YES;
				CLANG_WARN__DUPLICATE_METHOD_MATCH = YES;
				"CODE_SIGN_IDENTITY[sdk=iphoneos*]" = "iPhone Developer";
				COPY_PHASE_STRIP = NO;
				DEBUG_INFORMATION_FORMAT = "dwarf-with-dsym";
				ENABLE_NS_ASSERTIONS = NO;
				ENABLE_STRICT_OBJC_MSGSEND = YES;
				GCC_C_LANGUAGE_STANDARD = gnu99;
				GCC_NO_COMMON_BLOCKS = YES;
				GCC_WARN_64_TO_32_BIT_CONVERSION = YES;
				GCC_WARN_ABOUT_RETURN_TYPE = YES_ERROR;
				GCC_WARN_UNDECLARED_SELECTOR = YES;
				GCC_WARN_UNINITIALIZED_AUTOS = YES_AGGRESSIVE;
				GCC_WARN_UNUSED_FUNCTION = YES;
				GCC_WARN_UNUSED_VARIABLE = YES;
				IPHONEOS_DEPLOYMENT_TARGET = 9.1;
				MTL_ENABLE_DEBUG_INFO = NO;
				SDKROOT = iphoneos;
				VALIDATE_PRODUCT = YES;
			};
			name = Release;
		};
		B63A357F1C20555C00B88302 /* Debug */ = {
			isa = XCBuildConfiguration;
			buildSettings = {
				ASSETCATALOG_COMPILER_APPICON_NAME = AppIcon;
				INFOPLIST_FILE = YC_ScrollNav/Info.plist;
				LD_RUNPATH_SEARCH_PATHS = "$(inherited) @executable_path/Frameworks";
				PRODUCT_BUNDLE_IDENTIFIER = "com.Berton.YC-ScrollNav";
				PRODUCT_NAME = "$(TARGET_NAME)";
			};
			name = Debug;
		};
		B63A35801C20555C00B88302 /* Release */ = {
			isa = XCBuildConfiguration;
			buildSettings = {
				ASSETCATALOG_COMPILER_APPICON_NAME = AppIcon;
				INFOPLIST_FILE = YC_ScrollNav/Info.plist;
				LD_RUNPATH_SEARCH_PATHS = "$(inherited) @executable_path/Frameworks";
				PRODUCT_BUNDLE_IDENTIFIER = "com.Berton.YC-ScrollNav";
				PRODUCT_NAME = "$(TARGET_NAME)";
			};
			name = Release;
		};
/* End XCBuildConfiguration section */

/* Begin XCConfigurationList section */
		B63A35621C20555C00B88302 /* Build configuration list for PBXProject "YC_ScrollNav" */ = {
			isa = XCConfigurationList;
			buildConfigurations = (
				B63A357C1C20555C00B88302 /* Debug */,
				B63A357D1C20555C00B88302 /* Release */,
			);
			defaultConfigurationIsVisible = 0;
			defaultConfigurationName = Release;
		};
		B63A357E1C20555C00B88302 /* Build configuration list for PBXNativeTarget "YC_ScrollNav" */ = {
			isa = XCConfigurationList;
			buildConfigurations = (
				B63A357F1C20555C00B88302 /* Debug */,
				B63A35801C20555C00B88302 /* Release */,
			);
			defaultConfigurationIsVisible = 0;
		};
/* End XCConfigurationList section */
	};
	rootObject = B63A355F1C20555C00B88302 /* Project object */;
}
